
Microsoft Visual Studio Solution File, Format Version 12.00
# Visual Studio Version 16
VisualStudioVersion = 16.0.29926.136
MinimumVisualStudioVersion = 10.0.40219.1
Project("{2150E333-8FDC-42A3-9474-1A3956D46DE8}") = "Services", "Services", "{4C626D9D-350B-48BA-A516-987C572BF504}"
EndProject
Project("{2150E333-8FDC-42A3-9474-1A3956D46DE8}") = "Catalog", "Catalog", "{E6810C76-7084-4475-A327-49BF4A2DC927}"
EndProject
Project("{9A19103F-16F7-4668-BE54-9A1E7A4F7556}") = "Catalog.API", "Services\Catalog\Catalog.API\Catalog.API.csproj", "{3E1FA46E-189F-4B31-A3AD-490F137F5140}"
EndProject
Project("{E53339B2-1760-4266-BCC7-CA923CBCF16C}") = "docker-compose", "docker-compose.dcproj", "{5AF72D96-5A27-48A4-A904-55A9E4BEEA63}"
EndProject
Project("{2150E333-8FDC-42A3-9474-1A3956D46DE8}") = "Basket", "Basket", "{C26DC864-AB2D-44B8-9649-17FA3E40A232}"
EndProject
Project("{9A19103F-16F7-4668-BE54-9A1E7A4F7556}") = "Basket.API", "Services\Basket\Basket.API\Basket.API.csproj", "{BAA7B95A-1073-4DF7-9C49-2A0FCE76A838}"
EndProject
Project("{2150E333-8FDC-42A3-9474-1A3956D46DE8}") = "Discount", "Discount", "{1C12631F-117F-4EB7-8EA0-64E18C82D2B0}"
EndProject
Project("{9A19103F-16F7-4668-BE54-9A1E7A4F7556}") = "Discount.API", "Services\Discount\Discount.API\Discount.API.csproj", "{CD393D8F-1C76-4BA3-B2D6-9FB47B9B883A}"
EndProject
Project("{9A19103F-16F7-4668-BE54-9A1E7A4F7556}") = "Discount.GRPC", "Services\Discount\Discount.GRPC\Discount.GRPC.csproj", "{9CA48CD0-7E68-41FB-9AB2-F7646F1B30B8}"
EndProject
Project("{2150E333-8FDC-42A3-9474-1A3956D46DE8}") = "Ordering", "Ordering", "{9A7B3DD9-9783-4A32-87E2-B22E177BEA44}"
EndProject
Project("{2150E333-8FDC-42A3-9474-1A3956D46DE8}") = "Core", "Core", "{0CFA7DAD-93C5-42A8-891F-7D419A85A859}"
EndProject
Project("{2150E333-8FDC-42A3-9474-1A3956D46DE8}") = "Periphery", "Periphery", "{0E000331-A897-4F39-98F8-3A895B6F64EF}"
EndProject
Project("{9A19103F-16F7-4668-BE54-9A1E7A4F7556}") = "Ordering.API", "Services\Ordering\Periphery\Ordering.API\Ordering.API.csproj", "{E74AEEE2-A507-40ED-93C5-2631AE09B188}"
EndProject
Project("{9A19103F-16F7-4668-BE54-9A1E7A4F7556}") = "Ordering.Infrastructure", "Services\Ordering\Periphery\Ordering.Infrastructure\Ordering.Infrastructure.csproj", "{BD0E2684-8B2D-4F80-A0D3-EBB42A224898}"
EndProject
Project("{9A19103F-16F7-4668-BE54-9A1E7A4F7556}") = "Ordering.Domain", "Services\Ordering\Core\Ordering.Domain\Ordering.Domain.csproj", "{F3DB00E9-0155-4CCC-A8FA-81F1B2386540}"
EndProject
Project("{9A19103F-16F7-4668-BE54-9A1E7A4F7556}") = "Ordering.Application", "Services\Ordering\Core\Ordering.Application\Ordering.Application.csproj", "{B0FD3A62-1414-4BDF-BCCE-45EB4A579F76}"
EndProject
Global
	GlobalSection(SolutionConfigurationPlatforms) = preSolution
		Debug|Any CPU = Debug|Any CPU
		Release|Any CPU = Release|Any CPU
	EndGlobalSection
	GlobalSection(ProjectConfigurationPlatforms) = postSolution
		{3E1FA46E-189F-4B31-A3AD-490F137F5140}.Debug|Any CPU.ActiveCfg = Debug|Any CPU
		{3E1FA46E-189F-4B31-A3AD-490F137F5140}.Debug|Any CPU.Build.0 = Debug|Any CPU
		{3E1FA46E-189F-4B31-A3AD-490F137F5140}.Release|Any CPU.ActiveCfg = Release|Any CPU
		{3E1FA46E-189F-4B31-A3AD-490F137F5140}.Release|Any CPU.Build.0 = Release|Any CPU
		{5AF72D96-5A27-48A4-A904-55A9E4BEEA63}.Debug|Any CPU.ActiveCfg = Debug|Any CPU
		{5AF72D96-5A27-48A4-A904-55A9E4BEEA63}.Debug|Any CPU.Build.0 = Debug|Any CPU
		{5AF72D96-5A27-48A4-A904-55A9E4BEEA63}.Release|Any CPU.ActiveCfg = Release|Any CPU
		{5AF72D96-5A27-48A4-A904-55A9E4BEEA63}.Release|Any CPU.Build.0 = Release|Any CPU
		{BAA7B95A-1073-4DF7-9C49-2A0FCE76A838}.Debug|Any CPU.ActiveCfg = Debug|Any CPU
		{BAA7B95A-1073-4DF7-9C49-2A0FCE76A838}.Debug|Any CPU.Build.0 = Debug|Any CPU
		{BAA7B95A-1073-4DF7-9C49-2A0FCE76A838}.Release|Any CPU.ActiveCfg = Release|Any CPU
		{BAA7B95A-1073-4DF7-9C49-2A0FCE76A838}.Release|Any CPU.Build.0 = Release|Any CPU
		{CD393D8F-1C76-4BA3-B2D6-9FB47B9B883A}.Debug|Any CPU.ActiveCfg = Debug|Any CPU
		{CD393D8F-1C76-4BA3-B2D6-9FB47B9B883A}.Debug|Any CPU.Build.0 = Debug|Any CPU
		{CD393D8F-1C76-4BA3-B2D6-9FB47B9B883A}.Release|Any CPU.ActiveCfg = Release|Any CPU
		{CD393D8F-1C76-4BA3-B2D6-9FB47B9B883A}.Release|Any CPU.Build.0 = Release|Any CPU
		{9CA48CD0-7E68-41FB-9AB2-F7646F1B30B8}.Debug|Any CPU.ActiveCfg = Debug|Any CPU
		{9CA48CD0-7E68-41FB-9AB2-F7646F1B30B8}.Debug|Any CPU.Build.0 = Debug|Any CPU
		{9CA48CD0-7E68-41FB-9AB2-F7646F1B30B8}.Release|Any CPU.ActiveCfg = Release|Any CPU
		{9CA48CD0-7E68-41FB-9AB2-F7646F1B30B8}.Release|Any CPU.Build.0 = Release|Any CPU
		{E74AEEE2-A507-40ED-93C5-2631AE09B188}.Debug|Any CPU.ActiveCfg = Debug|Any CPU
		{E74AEEE2-A507-40ED-93C5-2631AE09B188}.Debug|Any CPU.Build.0 = Debug|Any CPU
		{E74AEEE2-A507-40ED-93C5-2631AE09B188}.Release|Any CPU.ActiveCfg = Release|Any CPU
		{E74AEEE2-A507-40ED-93C5-2631AE09B188}.Release|Any CPU.Build.0 = Release|Any CPU
		{BD0E2684-8B2D-4F80-A0D3-EBB42A224898}.Debug|Any CPU.ActiveCfg = Debug|Any CPU
		{BD0E2684-8B2D-4F80-A0D3-EBB42A224898}.Debug|Any CPU.Build.0 = Debug|Any CPU
		{BD0E2684-8B2D-4F80-A0D3-EBB42A224898}.Release|Any CPU.ActiveCfg = Release|Any CPU
		{BD0E2684-8B2D-4F80-A0D3-EBB42A224898}.Release|Any CPU.Build.0 = Release|Any CPU
		{F3DB00E9-0155-4CCC-A8FA-81F1B2386540}.Debug|Any CPU.ActiveCfg = Debug|Any CPU
		{F3DB00E9-0155-4CCC-A8FA-81F1B2386540}.Debug|Any CPU.Build.0 = Debug|Any CPU
		{F3DB00E9-0155-4CCC-A8FA-81F1B2386540}.Release|Any CPU.ActiveCfg = Release|Any CPU
		{F3DB00E9-0155-4CCC-A8FA-81F1B2386540}.Release|Any CPU.Build.0 = Release|Any CPU
		{B0FD3A62-1414-4BDF-BCCE-45EB4A579F76}.Debug|Any CPU.ActiveCfg = Debug|Any CPU
		{B0FD3A62-1414-4BDF-BCCE-45EB4A579F76}.Debug|Any CPU.Build.0 = Debug|Any CPU
		{B0FD3A62-1414-4BDF-BCCE-45EB4A579F76}.Release|Any CPU.ActiveCfg = Release|Any CPU
		{B0FD3A62-1414-4BDF-BCCE-45EB4A579F76}.Release|Any CPU.Build.0 = Release|Any CPU
	EndGlobalSection
	GlobalSection(SolutionProperties) = preSolution
		HideSolutionNode = FALSE
	EndGlobalSection
	GlobalSection(NestedProjects) = preSolution
		{E6810C76-7084-4475-A327-49BF4A2DC927} = {4C626D9D-350B-48BA-A516-987C572BF504}
		{3E1FA46E-189F-4B31-A3AD-490F137F5140} = {E6810C76-7084-4475-A327-49BF4A2DC927}
		{C26DC864-AB2D-44B8-9649-17FA3E40A232} = {4C626D9D-350B-48BA-A516-987C572BF504}
		{BAA7B95A-1073-4DF7-9C49-2A0FCE76A838} = {C26DC864-AB2D-44B8-9649-17FA3E40A232}
		{1C12631F-117F-4EB7-8EA0-64E18C82D2B0} = {4C626D9D-350B-48BA-A516-987C572BF504}
		{CD393D8F-1C76-4BA3-B2D6-9FB47B9B883A} = {1C12631F-117F-4EB7-8EA0-64E18C82D2B0}
		{9CA48CD0-7E68-41FB-9AB2-F7646F1B30B8} = {1C12631F-117F-4EB7-8EA0-64E18C82D2B0}
		{9A7B3DD9-9783-4A32-87E2-B22E177BEA44} = {4C626D9D-350B-48BA-A516-987C572BF504}
		{0CFA7DAD-93C5-42A8-891F-7D419A85A859} = {9A7B3DD9-9783-4A32-87E2-B22E177BEA44}
		{0E000331-A897-4F39-98F8-3A895B6F64EF} = {9A7B3DD9-9783-4A32-87E2-B22E177BEA44}
		{E74AEEE2-A507-40ED-93C5-2631AE09B188} = {0E000331-A897-4F39-98F8-3A895B6F64EF}
		{BD0E2684-8B2D-4F80-A0D3-EBB42A224898} = {0E000331-A897-4F39-98F8-3A895B6F64EF}
		{F3DB00E9-0155-4CCC-A8FA-81F1B2386540} = {0CFA7DAD-93C5-42A8-891F-7D419A85A859}
		{B0FD3A62-1414-4BDF-BCCE-45EB4A579F76} = {0CFA7DAD-93C5-42A8-891F-7D419A85A859}
	EndGlobalSection
	GlobalSection(ExtensibilityGlobals) = postSolution
		SolutionGuid = {03709DC6-9CFF-4405-9B5A-51F8510CB3A1}
	EndGlobalSection
EndGlobal
